
Microsoft Visual Studio Solution File, Format Version 12.00
# Visual Studio 2013
VisualStudioVersion = 12.0.21005.1
MinimumVisualStudioVersion = 10.0.40219.1
Project("{FAE04EC0-301F-11D3-BF4B-00C04F79EFBC}") = "QuizArena", "QuizArena\QuizArena.csproj", "{C624246D-55CA-44E1-ABB8-6EF6D7ED26F7}"
EndProject
Project("{2150E333-8FDC-42A3-9474-1A3956D46DE8}") = "Data", "Data", "{7ADCEFC1-85E3-4E35-AE0B-7CE89000CD08}"
EndProject
Project("{2150E333-8FDC-42A3-9474-1A3956D46DE8}") = "Web", "Web", "{9C7AFBA7-BC39-407A-ADCE-6052B6EC7A16}"
EndProject
Project("{FAE04EC0-301F-11D3-BF4B-00C04F79EFBC}") = "QuizArena.Data", "QuizArena.data\QuizArena.Data.csproj", "{44EBF6BB-C998-49CC-96A4-2A46DB0FF3D3}"
EndProject
Project("{FAE04EC0-301F-11D3-BF4B-00C04F79EFBC}") = "QuizArena.Models", "QuizArena.models\QuizArena.Models.csproj", "{24EAA462-6C33-489B-9155-5AFD38A1657F}"
EndProject
Global
	GlobalSection(SolutionConfigurationPlatforms) = preSolution
		Debug|Any CPU = Debug|Any CPU
		Release|Any CPU = Release|Any CPU
	EndGlobalSection
	GlobalSection(ProjectConfigurationPlatforms) = postSolution
		{C624246D-55CA-44E1-ABB8-6EF6D7ED26F7}.Debug|Any CPU.ActiveCfg = Debug|Any CPU
		{C624246D-55CA-44E1-ABB8-6EF6D7ED26F7}.Debug|Any CPU.Build.0 = Debug|Any CPU
		{C624246D-55CA-44E1-ABB8-6EF6D7ED26F7}.Release|Any CPU.ActiveCfg = Release|Any CPU
		{C624246D-55CA-44E1-ABB8-6EF6D7ED26F7}.Release|Any CPU.Build.0 = Release|Any CPU
		{44EBF6BB-C998-49CC-96A4-2A46DB0FF3D3}.Debug|Any CPU.ActiveCfg = Debug|Any CPU
		{44EBF6BB-C998-49CC-96A4-2A46DB0FF3D3}.Debug|Any CPU.Build.0 = Debug|Any CPU
		{44EBF6BB-C998-49CC-96A4-2A46DB0FF3D3}.Release|Any CPU.ActiveCfg = Release|Any CPU
		{44EBF6BB-C998-49CC-96A4-2A46DB0FF3D3}.Release|Any CPU.Build.0 = Release|Any CPU
		{24EAA462-6C33-489B-9155-5AFD38A1657F}.Debug|Any CPU.ActiveCfg = Debug|Any CPU
		{24EAA462-6C33-489B-9155-5AFD38A1657F}.Debug|Any CPU.Build.0 = Debug|Any CPU
		{24EAA462-6C33-489B-9155-5AFD38A1657F}.Release|Any CPU.ActiveCfg = Release|Any CPU
		{24EAA462-6C33-489B-9155-5AFD38A1657F}.Release|Any CPU.Build.0 = Release|Any CPU
	EndGlobalSection
	GlobalSection(SolutionProperties) = preSolution
		HideSolutionNode = FALSE
	EndGlobalSection
	GlobalSection(NestedProjects) = preSolution
		{44EBF6BB-C998-49CC-96A4-2A46DB0FF3D3} = {7ADCEFC1-85E3-4E35-AE0B-7CE89000CD08}
		{24EAA462-6C33-489B-9155-5AFD38A1657F} = {7ADCEFC1-85E3-4E35-AE0B-7CE89000CD08}
		{C624246D-55CA-44E1-ABB8-6EF6D7ED26F7} = {9C7AFBA7-BC39-407A-ADCE-6052B6EC7A16}
	EndGlobalSection
EndGlobal
